
Microsoft Visual Studio Solution File, Format Version 12.00
# Visual Studio 15
VisualStudioVersion = 15.0.28307.271
MinimumVisualStudioVersion = 10.0.40219.1
Project("{FAE04EC0-301F-11D3-BF4B-00C04F79EFBC}") = "BinaryConverter", "BinaryConverter\BinaryConverter.csproj", "{DAAE1038-D4B5-4C3A-90B2-FC029543DB35}"
EndProject
Project("{FAE04EC0-301F-11D3-BF4B-00C04F79EFBC}") = "EvenOdd", "Even_Odd\EvenOdd.csproj", "{EBD2CE0A-B3A3-40C9-B97E-31BD178D9493}"
EndProject
Project("{FAE04EC0-301F-11D3-BF4B-00C04F79EFBC}") = "PrimeNumbers", "PrimeNumbers\PrimeNumbers.csproj", "{16C3ABF2-8542-4460-B0D0-465DD7A2AABC}"
EndProject
Project("{FAE04EC0-301F-11D3-BF4B-00C04F79EFBC}") = "Hangman", "Hangman\Hangman.csproj", "{5AD25DCA-094F-4713-B079-B14CEDE25638}"
EndProject
Project("{FAE04EC0-301F-11D3-BF4B-00C04F79EFBC}") = "Pythagoras", "Pythagoras\Pythagoras.csproj", "{7AEDEFD0-3D08-4801-A073-F975B1C8934A}"
EndProject
Project("{FAE04EC0-301F-11D3-BF4B-00C04F79EFBC}") = "RockPaperScissors", "RockPaperScissors\RockPaperScissors.csproj", "{F03BF1F9-122F-434B-AA41-9C43C4F72171}"
EndProject
Project("{FAE04EC0-301F-11D3-BF4B-00C04F79EFBC}") = "Palindrome", "Palindrome\Palindrome.csproj", "{29DA6EFC-24BD-4B46-831E-EF4D24A53F1C}"
EndProject
Project("{FAE04EC0-301F-11D3-BF4B-00C04F79EFBC}") = "FormatSeconds", "FormatSeconds\FormatSeconds.csproj", "{91489D68-32CB-46C3-B30E-4D25525852F2}"
EndProject
Project("{FAE04EC0-301F-11D3-BF4B-00C04F79EFBC}") = "LeapYear", "LeapYear\LeapYear.csproj", "{F2F1F208-CF31-4AE9-9D2B-0D7917A96C20}"
EndProject
Global
	GlobalSection(SolutionConfigurationPlatforms) = preSolution
		Debug|Any CPU = Debug|Any CPU
		Release|Any CPU = Release|Any CPU
	EndGlobalSection
	GlobalSection(ProjectConfigurationPlatforms) = postSolution
		{DAAE1038-D4B5-4C3A-90B2-FC029543DB35}.Debug|Any CPU.ActiveCfg = Debug|Any CPU
		{DAAE1038-D4B5-4C3A-90B2-FC029543DB35}.Debug|Any CPU.Build.0 = Debug|Any CPU
		{DAAE1038-D4B5-4C3A-90B2-FC029543DB35}.Release|Any CPU.ActiveCfg = Release|Any CPU
		{DAAE1038-D4B5-4C3A-90B2-FC029543DB35}.Release|Any CPU.Build.0 = Release|Any CPU
		{EBD2CE0A-B3A3-40C9-B97E-31BD178D9493}.Debug|Any CPU.ActiveCfg = Debug|Any CPU
		{EBD2CE0A-B3A3-40C9-B97E-31BD178D9493}.Debug|Any CPU.Build.0 = Debug|Any CPU
		{EBD2CE0A-B3A3-40C9-B97E-31BD178D9493}.Release|Any CPU.ActiveCfg = Release|Any CPU
		{EBD2CE0A-B3A3-40C9-B97E-31BD178D9493}.Release|Any CPU.Build.0 = Release|Any CPU
		{16C3ABF2-8542-4460-B0D0-465DD7A2AABC}.Debug|Any CPU.ActiveCfg = Debug|Any CPU
		{16C3ABF2-8542-4460-B0D0-465DD7A2AABC}.Debug|Any CPU.Build.0 = Debug|Any CPU
		{16C3ABF2-8542-4460-B0D0-465DD7A2AABC}.Release|Any CPU.ActiveCfg = Release|Any CPU
		{16C3ABF2-8542-4460-B0D0-465DD7A2AABC}.Release|Any CPU.Build.0 = Release|Any CPU
		{5AD25DCA-094F-4713-B079-B14CEDE25638}.Debug|Any CPU.ActiveCfg = Debug|Any CPU
		{5AD25DCA-094F-4713-B079-B14CEDE25638}.Debug|Any CPU.Build.0 = Debug|Any CPU
		{5AD25DCA-094F-4713-B079-B14CEDE25638}.Release|Any CPU.ActiveCfg = Release|Any CPU
		{5AD25DCA-094F-4713-B079-B14CEDE25638}.Release|Any CPU.Build.0 = Release|Any CPU
		{7AEDEFD0-3D08-4801-A073-F975B1C8934A}.Debug|Any CPU.ActiveCfg = Debug|Any CPU
		{7AEDEFD0-3D08-4801-A073-F975B1C8934A}.Debug|Any CPU.Build.0 = Debug|Any CPU
		{7AEDEFD0-3D08-4801-A073-F975B1C8934A}.Release|Any CPU.ActiveCfg = Release|Any CPU
		{7AEDEFD0-3D08-4801-A073-F975B1C8934A}.Release|Any CPU.Build.0 = Release|Any CPU
		{F03BF1F9-122F-434B-AA41-9C43C4F72171}.Debug|Any CPU.ActiveCfg = Debug|Any CPU
		{F03BF1F9-122F-434B-AA41-9C43C4F72171}.Debug|Any CPU.Build.0 = Debug|Any CPU
		{F03BF1F9-122F-434B-AA41-9C43C4F72171}.Release|Any CPU.ActiveCfg = Release|Any CPU
		{F03BF1F9-122F-434B-AA41-9C43C4F72171}.Release|Any CPU.Build.0 = Release|Any CPU
		{29DA6EFC-24BD-4B46-831E-EF4D24A53F1C}.Debug|Any CPU.ActiveCfg = Debug|Any CPU
		{29DA6EFC-24BD-4B46-831E-EF4D24A53F1C}.Debug|Any CPU.Build.0 = Debug|Any CPU
		{29DA6EFC-24BD-4B46-831E-EF4D24A53F1C}.Release|Any CPU.ActiveCfg = Release|Any CPU
		{29DA6EFC-24BD-4B46-831E-EF4D24A53F1C}.Release|Any CPU.Build.0 = Release|Any CPU
		{91489D68-32CB-46C3-B30E-4D25525852F2}.Debug|Any CPU.ActiveCfg = Debug|Any CPU
		{91489D68-32CB-46C3-B30E-4D25525852F2}.Debug|Any CPU.Build.0 = Debug|Any CPU
		{91489D68-32CB-46C3-B30E-4D25525852F2}.Release|Any CPU.ActiveCfg = Release|Any CPU
		{91489D68-32CB-46C3-B30E-4D25525852F2}.Release|Any CPU.Build.0 = Release|Any CPU
		{F2F1F208-CF31-4AE9-9D2B-0D7917A96C20}.Debug|Any CPU.ActiveCfg = Debug|Any CPU
		{F2F1F208-CF31-4AE9-9D2B-0D7917A96C20}.Debug|Any CPU.Build.0 = Debug|Any CPU
		{F2F1F208-CF31-4AE9-9D2B-0D7917A96C20}.Release|Any CPU.ActiveCfg = Release|Any CPU
		{F2F1F208-CF31-4AE9-9D2B-0D7917A96C20}.Release|Any CPU.Build.0 = Release|Any CPU
	EndGlobalSection
	GlobalSection(SolutionProperties) = preSolution
		HideSolutionNode = FALSE
	EndGlobalSection
	GlobalSection(ExtensibilityGlobals) = postSolution
		SolutionGuid = {18E1E15E-E981-4188-92AA-C3BC62E38BB0}
	EndGlobalSection
EndGlobal
